
Microsoft Visual Studio Solution File, Format Version 12.00
# Visual Studio Version 16
VisualStudioVersion = 16.0.28407.52
MinimumVisualStudioVersion = 10.0.40219.1
Project("{FAE04EC0-301F-11D3-BF4B-00C04F79EFBC}") = "BantamScribe", "BantamScribe.csproj", "{D50265D3-09A0-4E54-AA9F-EF0588759B25}"
EndProject
Global
	GlobalSection(SolutionConfigurationPlatforms) = preSolution
		Debug|Any CPU = Debug|Any CPU
		Release|Any CPU = Release|Any CPU
	EndGlobalSection
	GlobalSection(ProjectConfigurationPlatforms) = postSolution
		{D50265D3-09A0-4E54-AA9F-EF0588759B25}.Debug|Any CPU.ActiveCfg = Debug|Any CPU
		{D50265D3-09A0-4E54-AA9F-EF0588759B25}.Debug|Any CPU.Build.0 = Debug|Any CPU
		{D50265D3-09A0-4E54-AA9F-EF0588759B25}.Release|Any CPU.ActiveCfg = Release|Any CPU
		{D50265D3-09A0-4E54-AA9F-EF0588759B25}.Release|Any CPU.Build.0 = Release|Any CPU
	EndGlobalSection
	GlobalSection(SolutionProperties) = preSolution
		HideSolutionNode = FALSE
	EndGlobalSection
	GlobalSection(ExtensibilityGlobals) = postSolution
		SolutionGuid = {652ABB0A-E52F-42B7-B7EE-ECE2FCC686B7}
	EndGlobalSection
EndGlobal
